
Microsoft Visual Studio Solution File, Format Version 12.00
# Visual Studio 14
VisualStudioVersion = 14.0.24720.0
MinimumVisualStudioVersion = 10.0.40219.1
Project("{FAE04EC0-301F-11D3-BF4B-00C04F79EFBC}") = "Delegates", "Delegates\Delegates.csproj", "{886D4DF1-9AEE-431F-BFED-AE699033B3DF}"
EndProject
Project("{FAE04EC0-301F-11D3-BF4B-00C04F79EFBC}") = "Events", "Events\Events.csproj", "{BDA679B3-A16A-4C04-B3A4-824BDB8AEF7A}"
EndProject
Project("{FAE04EC0-301F-11D3-BF4B-00C04F79EFBC}") = "EventsLibrary", "EventsLibrary\EventsLibrary.csproj", "{2E8BCD7B-8FBA-4799-877F-AF716ADC1175}"
EndProject
Global
	GlobalSection(SolutionConfigurationPlatforms) = preSolution
		Debug|Any CPU = Debug|Any CPU
		Release|Any CPU = Release|Any CPU
	EndGlobalSection
	GlobalSection(ProjectConfigurationPlatforms) = postSolution
		{886D4DF1-9AEE-431F-BFED-AE699033B3DF}.Debug|Any CPU.ActiveCfg = Debug|Any CPU
		{886D4DF1-9AEE-431F-BFED-AE699033B3DF}.Debug|Any CPU.Build.0 = Debug|Any CPU
		{886D4DF1-9AEE-431F-BFED-AE699033B3DF}.Release|Any CPU.ActiveCfg = Release|Any CPU
		{886D4DF1-9AEE-431F-BFED-AE699033B3DF}.Release|Any CPU.Build.0 = Release|Any CPU
		{BDA679B3-A16A-4C04-B3A4-824BDB8AEF7A}.Debug|Any CPU.ActiveCfg = Debug|Any CPU
		{BDA679B3-A16A-4C04-B3A4-824BDB8AEF7A}.Debug|Any CPU.Build.0 = Debug|Any CPU
		{BDA679B3-A16A-4C04-B3A4-824BDB8AEF7A}.Release|Any CPU.ActiveCfg = Release|Any CPU
		{BDA679B3-A16A-4C04-B3A4-824BDB8AEF7A}.Release|Any CPU.Build.0 = Release|Any CPU
		{2E8BCD7B-8FBA-4799-877F-AF716ADC1175}.Debug|Any CPU.ActiveCfg = Debug|Any CPU
		{2E8BCD7B-8FBA-4799-877F-AF716ADC1175}.Debug|Any CPU.Build.0 = Debug|Any CPU
		{2E8BCD7B-8FBA-4799-877F-AF716ADC1175}.Release|Any CPU.ActiveCfg = Release|Any CPU
		{2E8BCD7B-8FBA-4799-877F-AF716ADC1175}.Release|Any CPU.Build.0 = Release|Any CPU
	EndGlobalSection
	GlobalSection(SolutionProperties) = preSolution
		HideSolutionNode = FALSE
	EndGlobalSection
EndGlobal
