
Microsoft Visual Studio Solution File, Format Version 12.00
# Visual Studio 2013
VisualStudioVersion = 12.0.30501.0
MinimumVisualStudioVersion = 10.0.40219.1
Project("{FAE04EC0-301F-11D3-BF4B-00C04F79EFBC}") = "CashDesk", "CashDesk\CashDesk.csproj", "{F8CD4ABC-5340-49C7-A88C-07AFC03CB9BE}"
EndProject
Project("{FAE04EC0-301F-11D3-BF4B-00C04F79EFBC}") = "CashDeskApplication", "CashDeskApplication\CashDeskApplication.csproj", "{B255CBEF-ADAA-4D9F-A04D-17EC6F81FDA2}"
EndProject
Global
	GlobalSection(SolutionConfigurationPlatforms) = preSolution
		Debug|Any CPU = Debug|Any CPU
		Release|Any CPU = Release|Any CPU
	EndGlobalSection
	GlobalSection(ProjectConfigurationPlatforms) = postSolution
		{F8CD4ABC-5340-49C7-A88C-07AFC03CB9BE}.Debug|Any CPU.ActiveCfg = Debug|Any CPU
		{F8CD4ABC-5340-49C7-A88C-07AFC03CB9BE}.Debug|Any CPU.Build.0 = Debug|Any CPU
		{F8CD4ABC-5340-49C7-A88C-07AFC03CB9BE}.Release|Any CPU.ActiveCfg = Release|Any CPU
		{F8CD4ABC-5340-49C7-A88C-07AFC03CB9BE}.Release|Any CPU.Build.0 = Release|Any CPU
		{B255CBEF-ADAA-4D9F-A04D-17EC6F81FDA2}.Debug|Any CPU.ActiveCfg = Debug|Any CPU
		{B255CBEF-ADAA-4D9F-A04D-17EC6F81FDA2}.Debug|Any CPU.Build.0 = Debug|Any CPU
		{B255CBEF-ADAA-4D9F-A04D-17EC6F81FDA2}.Release|Any CPU.ActiveCfg = Release|Any CPU
		{B255CBEF-ADAA-4D9F-A04D-17EC6F81FDA2}.Release|Any CPU.Build.0 = Release|Any CPU
	EndGlobalSection
	GlobalSection(SolutionProperties) = preSolution
		HideSolutionNode = FALSE
	EndGlobalSection
EndGlobal
