
Microsoft Visual Studio Solution File, Format Version 12.00
# Visual Studio 2013
VisualStudioVersion = 12.0.30501.0
MinimumVisualStudioVersion = 10.0.40219.1
Project("{FAE04EC0-301F-11D3-BF4B-00C04F79EFBC}") = "Time", "Time\Time.csproj", "{F69903E5-C4D0-4C42-9098-7EEC32BA2E8F}"
EndProject
Project("{FAE04EC0-301F-11D3-BF4B-00C04F79EFBC}") = "Pair", "Pair\Pair.csproj", "{A6199C02-83EA-44C9-A5CC-5E70E372CB67}"
EndProject
Project("{FAE04EC0-301F-11D3-BF4B-00C04F79EFBC}") = "Fractions", "Fractions\Fractions.csproj", "{671BAA43-3112-46FC-B7F8-FCAADE7184FC}"
EndProject
Project("{FAE04EC0-301F-11D3-BF4B-00C04F79EFBC}") = "GeometryFigures", "GeometryFigures\GeometryFigures.csproj", "{30885B39-4BF7-49EE-9F62-0AE71887DEF2}"
EndProject
Global
	GlobalSection(SolutionConfigurationPlatforms) = preSolution
		Debug|Any CPU = Debug|Any CPU
		Release|Any CPU = Release|Any CPU
	EndGlobalSection
	GlobalSection(ProjectConfigurationPlatforms) = postSolution
		{F69903E5-C4D0-4C42-9098-7EEC32BA2E8F}.Debug|Any CPU.ActiveCfg = Debug|Any CPU
		{F69903E5-C4D0-4C42-9098-7EEC32BA2E8F}.Debug|Any CPU.Build.0 = Debug|Any CPU
		{F69903E5-C4D0-4C42-9098-7EEC32BA2E8F}.Release|Any CPU.ActiveCfg = Release|Any CPU
		{F69903E5-C4D0-4C42-9098-7EEC32BA2E8F}.Release|Any CPU.Build.0 = Release|Any CPU
		{A6199C02-83EA-44C9-A5CC-5E70E372CB67}.Debug|Any CPU.ActiveCfg = Debug|Any CPU
		{A6199C02-83EA-44C9-A5CC-5E70E372CB67}.Debug|Any CPU.Build.0 = Debug|Any CPU
		{A6199C02-83EA-44C9-A5CC-5E70E372CB67}.Release|Any CPU.ActiveCfg = Release|Any CPU
		{A6199C02-83EA-44C9-A5CC-5E70E372CB67}.Release|Any CPU.Build.0 = Release|Any CPU
		{671BAA43-3112-46FC-B7F8-FCAADE7184FC}.Debug|Any CPU.ActiveCfg = Debug|Any CPU
		{671BAA43-3112-46FC-B7F8-FCAADE7184FC}.Debug|Any CPU.Build.0 = Debug|Any CPU
		{671BAA43-3112-46FC-B7F8-FCAADE7184FC}.Release|Any CPU.ActiveCfg = Release|Any CPU
		{671BAA43-3112-46FC-B7F8-FCAADE7184FC}.Release|Any CPU.Build.0 = Release|Any CPU
		{30885B39-4BF7-49EE-9F62-0AE71887DEF2}.Debug|Any CPU.ActiveCfg = Debug|Any CPU
		{30885B39-4BF7-49EE-9F62-0AE71887DEF2}.Debug|Any CPU.Build.0 = Debug|Any CPU
		{30885B39-4BF7-49EE-9F62-0AE71887DEF2}.Release|Any CPU.ActiveCfg = Release|Any CPU
		{30885B39-4BF7-49EE-9F62-0AE71887DEF2}.Release|Any CPU.Build.0 = Release|Any CPU
	EndGlobalSection
	GlobalSection(SolutionProperties) = preSolution
		HideSolutionNode = FALSE
	EndGlobalSection
EndGlobal
